<?xml version="1.0" encoding="utf-8"?>
<Project ToolsVersion="4.0" xmlns="http://schemas.microsoft.com/developer/msbuild/2003">
  <ItemGroup>
    <Filter Include="Source Files">
      <UniqueIdentifier>{4FC737F1-C7A5-4376-A066-2A32D752A2FF}</UniqueIdentifier>
      <Extensions>cpp;c;cc;cxx;c++;cppm;ixx;def;odl;idl;hpj;bat;asm;asmx</Extensions>
    </Filter>
    <Filter Include="Header Files">
      <UniqueIdentifier>{93995380-89BD-4b04-88EB-625FBE52EBFB}</UniqueIdentifier>
      <Extensions>h;hh;hpp;hxx;h++;hm;inl;inc;ipp;xsd</Extensions>
    </Filter>
    <Filter Include="Shaders">
      <UniqueIdentifier>{b85f76f3-fe1c-4329-8013-cdabe12d5fd8}</UniqueIdentifier>
    </Filter>
    <Filter Include="scripts">
      <UniqueIdentifier>{23f41b89-5d6f-48b1-8016-ea5107d4976f}</UniqueIdentifier>
    </Filter>
    <Filter Include="include">
      <UniqueIdentifier>{aca759ef-33ea-4723-8a6f-84302ce25d77}</UniqueIdentifier>
    </Filter>
    <Filter Include="config">
      <UniqueIdentifier>{71df60be-5005-472b-a6c3-c52100ccae2b}</UniqueIdentifier>
    </Filter>
  </ItemGroup>
  <ItemGroup>
    <ClCompile Include="BufferViewer.cpp">
      <Filter>Source Files</Filter>
    </ClCompile>
    <ClCompile Include="FrustumViewer.cpp">
      <Filter>Source Files</Filter>
    </ClCompile>
    <ClCompile Include="Gui.cpp">
      <Filter>Source Files</Filter>
    </ClCompile>
    <ClCompile Include="pch.cpp">
      <Filter>Source Files</Filter>
    </ClCompile>
    <ClCompile Include="Scene.cpp">
      <Filter>Source Files</Filter>
    </ClCompile>
    <ClCompile Include="SceneObject.cpp">
      <Filter>Source Files</Filter>
    </ClCompile>
    <ClCompile Include="TerrainGenerator.cpp">
      <Filter>Source Files</Filter>
    </ClCompile>
    <ClCompile Include="TextureViewer.cpp">
      <Filter>Source Files</Filter>
    </ClCompile>
    <ClCompile Include="winMain.cpp">
      <Filter>Source Files</Filter>
    </ClCompile>
    <ClCompile Include="AssetUploader.cpp">
      <Filter>Source Files</Filter>
    </ClCompile>
  </ItemGroup>
  <ItemGroup>
    <ClInclude Include="BufferViewer.h">
      <Filter>Header Files</Filter>
    </ClInclude>
    <ClInclude Include="CommandLineArgs.h">
      <Filter>Header Files</Filter>
    </ClInclude>
    <ClInclude Include="CreateSphere.h">
      <Filter>Header Files</Filter>
    </ClInclude>
    <ClInclude Include="FrameEventTracing.h">
      <Filter>Header Files</Filter>
    </ClInclude>
    <ClInclude Include="FrustumViewer.h">
      <Filter>Header Files</Filter>
    </ClInclude>
    <ClInclude Include="Gui.h">
      <Filter>Header Files</Filter>
    </ClInclude>
    <ClInclude Include="pch.h">
      <Filter>Header Files</Filter>
    </ClInclude>
    <ClInclude Include="Scene.h">
      <Filter>Header Files</Filter>
    </ClInclude>
    <ClInclude Include="SceneObject.h">
      <Filter>Header Files</Filter>
    </ClInclude>
    <ClInclude Include="SharedConstants.h">
      <Filter>Header Files</Filter>
    </ClInclude>
    <ClInclude Include="TerrainGenerator.h">
      <Filter>Header Files</Filter>
    </ClInclude>
    <ClInclude Include="TextureViewer.h">
      <Filter>Header Files</Filter>
    </ClInclude>
    <ClInclude Include="TimeTracing.h">
      <Filter>Header Files</Filter>
    </ClInclude>
    <ClInclude Include="..\include\ArgParser.h">
      <Filter>include</Filter>
    </ClInclude>
    <ClInclude Include="..\include\ConfigurationParser.h">
      <Filter>include</Filter>
    </ClInclude>
    <ClInclude Include="..\include\D3D12GpuTimer.h">
      <Filter>include</Filter>
    </ClInclude>
    <ClInclude Include="..\include\DebugHelper.h">
      <Filter>include</Filter>
    </ClInclude>
    <ClInclude Include="..\include\Timer.h">
      <Filter>include</Filter>
    </ClInclude>
    <ClInclude Include="..\include\TimeTracing.h">
      <Filter>include</Filter>
    </ClInclude>
    <ClInclude Include="..\include\WindowCapture.h">
      <Filter>include</Filter>
    </ClInclude>
    <ClInclude Include="..\DirectXTK12\d3dx12.h">
      <Filter>include</Filter>
    </ClInclude>
    <ClInclude Include="..\DirectXTK12\DDS.h">
      <Filter>include</Filter>
    </ClInclude>
    <ClInclude Include="AssetUploader.h">
      <Filter>Header Files</Filter>
    </ClInclude>
  </ItemGroup>
  <ItemGroup>
    <FxCompile Include="shaders\skyPS.hlsl">
      <Filter>Shaders</Filter>
    </FxCompile>
    <FxCompile Include="shaders\skyPS-FB.hlsl">
      <Filter>Shaders</Filter>
    </FxCompile>
    <FxCompile Include="shaders\skyVS.hlsl">
      <Filter>Shaders</Filter>
    </FxCompile>
    <FxCompile Include="shaders\terrainPS.hlsl">
      <Filter>Shaders</Filter>
    </FxCompile>
    <FxCompile Include="shaders\terrainPS-FB.hlsl">
      <Filter>Shaders</Filter>
    </FxCompile>
    <FxCompile Include="shaders\terrainVS.hlsl">
      <Filter>Shaders</Filter>
    </FxCompile>
  </ItemGroup>
  <ItemGroup>
    <CopyFileToFolders Include="shaders\BufferViewer.hlsl">
      <Filter>Shaders</Filter>
    </CopyFileToFolders>
    <CopyFileToFolders Include="shaders\TextureViewer.hlsl">
      <Filter>Shaders</Filter>
    </CopyFileToFolders>
    <CopyFileToFolders Include="shaders\GetLodVisualizationColor.h">
      <Filter>Shaders</Filter>
    </CopyFileToFolders>
    <CopyFileToFolders Include="..\config\config.json">
      <Filter>config</Filter>
    </CopyFileToFolders>
    <CopyFileToFolders Include="..\config\fragmentationWA.json">
      <Filter>config</Filter>
    </CopyFileToFolders>
    <CopyFileToFolders Include="..\scripts\demo.bat">
      <Filter>scripts</Filter>
    </CopyFileToFolders>
    <CopyFileToFolders Include="..\scripts\demo-hubble.bat">
      <Filter>scripts</Filter>
    </CopyFileToFolders>
    <CopyFileToFolders Include="..\scripts\profile.bat">
      <Filter>scripts</Filter>
    </CopyFileToFolders>
    <CopyFileToFolders Include="..\scripts\stress.bat">
      <Filter>scripts</Filter>
    </CopyFileToFolders>
  </ItemGroup>
  <ItemGroup>
    <None Include="packages.config" />
  </ItemGroup>
</Project>