<?xml version="1.0" encoding="utf-8"?>
<Project ToolsVersion="4.0" xmlns="http://schemas.microsoft.com/developer/msbuild/2003">
  <ItemGroup>
    <Filter Include="Source Files">
      <UniqueIdentifier>{4FC737F1-C7A5-4376-A066-2A32D752A2FF}</UniqueIdentifier>
      <Extensions>cpp;c;cc;cxx;c++;def;odl;idl;hpj;bat;asm;asmx</Extensions>
    </Filter>
    <Filter Include="Header Files">
      <UniqueIdentifier>{93995380-89BD-4b04-88EB-625FBE52EBFB}</UniqueIdentifier>
      <Extensions>h;hh;hpp;hxx;h++;hm;inl;inc;ipp;xsd</Extensions>
    </Filter>
    <Filter Include="Shaders">
      <UniqueIdentifier>{c80bf9a2-2a5d-406d-beeb-997ae6e827db}</UniqueIdentifier>
    </Filter>
    <Filter Include="media">
      <UniqueIdentifier>{40b1771a-863e-4864-820c-3d1a70c5a936}</UniqueIdentifier>
    </Filter>
    <Filter Include="Scripts">
      <UniqueIdentifier>{00601a48-65a5-449b-a20f-ec9af2c06540}</UniqueIdentifier>
    </Filter>
    <Filter Include="config">
      <UniqueIdentifier>{67DA6AB6-F800-4c08-8B7A-83BB121AAD01}</UniqueIdentifier>
      <Extensions>rc;ico;cur;bmp;dlg;rc2;rct;bin;rgs;gif;jpg;jpeg;jpe;resx;tiff;tif;png;wav;mfcribbon-ms</Extensions>
    </Filter>
    <Filter Include="DirectXTK12">
      <UniqueIdentifier>{ba988a2d-807e-4833-955f-d42faa25cf06}</UniqueIdentifier>
    </Filter>
    <Filter Include="include">
      <UniqueIdentifier>{f29a7327-9407-45f2-9513-75028df51d0d}</UniqueIdentifier>
    </Filter>
  </ItemGroup>
  <ItemGroup>
    <ClCompile Include="TerrainGenerator.cpp">
      <Filter>Source Files</Filter>
    </ClCompile>
    <ClCompile Include="pch.cpp">
      <Filter>Source Files</Filter>
    </ClCompile>
    <ClCompile Include="winMain.cpp">
      <Filter>Source Files</Filter>
    </ClCompile>
    <ClCompile Include="Scene.cpp">
      <Filter>Source Files</Filter>
    </ClCompile>
    <ClCompile Include="SceneObject.cpp">
      <Filter>Source Files</Filter>
    </ClCompile>
    <ClCompile Include="Gui.cpp">
      <Filter>Source Files</Filter>
    </ClCompile>
    <ClCompile Include="BufferViewer.cpp">
      <Filter>Source Files</Filter>
    </ClCompile>
    <ClCompile Include="TextureViewer.cpp">
      <Filter>Source Files</Filter>
    </ClCompile>
    <ClCompile Include="FrustumViewer.cpp">
      <Filter>Source Files</Filter>
    </ClCompile>
  </ItemGroup>
  <ItemGroup>
    <ClInclude Include="TerrainGenerator.h">
      <Filter>Header Files</Filter>
    </ClInclude>
    <ClInclude Include="..\DirectXTK12\d3dx12.h">
      <Filter>DirectXTK12</Filter>
    </ClInclude>
    <ClInclude Include="pch.h">
      <Filter>Header Files</Filter>
    </ClInclude>
    <ClInclude Include="CommandLineArgs.h">
      <Filter>Header Files</Filter>
    </ClInclude>
    <ClInclude Include="..\DirectXTK12\DDS.h">
      <Filter>DirectXTK12</Filter>
    </ClInclude>
    <ClInclude Include="Scene.h">
      <Filter>Header Files</Filter>
    </ClInclude>
    <ClInclude Include="SceneObject.h">
      <Filter>Header Files</Filter>
    </ClInclude>
    <ClInclude Include="CreateSphere.h">
      <Filter>Header Files</Filter>
    </ClInclude>
    <ClInclude Include="SharedConstants.h">
      <Filter>Header Files</Filter>
    </ClInclude>
    <ClInclude Include="Gui.h">
      <Filter>Header Files</Filter>
    </ClInclude>
    <ClInclude Include="..\include\Timer.h">
      <Filter>include</Filter>
    </ClInclude>
    <ClInclude Include="TimeTracing.h">
      <Filter>include</Filter>
    </ClInclude>
    <ClInclude Include="..\include\D3D12GpuTimer.h">
      <Filter>include</Filter>
    </ClInclude>
    <ClInclude Include="..\include\WindowCapture.h">
      <Filter>include</Filter>
    </ClInclude>
    <ClInclude Include="..\DirectXTK12\DXSampleHelper.h">
      <Filter>DirectXTK12</Filter>
    </ClInclude>
    <ClInclude Include="..\include\ArgParser.h">
      <Filter>include</Filter>
    </ClInclude>
    <ClInclude Include="..\include\ConfigurationParser.h">
      <Filter>include</Filter>
    </ClInclude>
    <ClInclude Include="FrameEventTracing.h">
      <Filter>Header Files</Filter>
    </ClInclude>
    <ClInclude Include="BufferViewer.h">
      <Filter>Header Files</Filter>
    </ClInclude>
    <ClInclude Include="TextureViewer.h">
      <Filter>Header Files</Filter>
    </ClInclude>
    <ClInclude Include="FrustumViewer.h">
      <Filter>Header Files</Filter>
    </ClInclude>
  </ItemGroup>
  <ItemGroup>
    <CopyFileToFolders Include="shaders\GetLodVisualizationColor.h">
      <Filter>Shaders</Filter>
    </CopyFileToFolders>
    <CopyFileToFolders Include="..\scripts\convert.bat">
      <Filter>Scripts</Filter>
    </CopyFileToFolders>
    <CopyFileToFolders Include="..\scripts\demo.bat">
      <Filter>Scripts</Filter>
    </CopyFileToFolders>
    <CopyFileToFolders Include="..\scripts\profile.bat">
      <Filter>Scripts</Filter>
    </CopyFileToFolders>
    <CopyFileToFolders Include="..\media\4kTiles.xet">
      <Filter>media</Filter>
    </CopyFileToFolders>
    <CopyFileToFolders Include="..\scripts\stress.bat">
      <Filter>Scripts</Filter>
    </CopyFileToFolders>
    <CopyFileToFolders Include="..\config\config.json">
      <Filter>config</Filter>
    </CopyFileToFolders>
    <CopyFileToFolders Include="..\media\heic0707a-4k.xet">
      <Filter>media</Filter>
    </CopyFileToFolders>
    <CopyFileToFolders Include="..\media\potw2039a-4k.xet">
      <Filter>media</Filter>
    </CopyFileToFolders>
    <CopyFileToFolders Include="..\scripts\demo-hubble.bat">
      <Filter>Scripts</Filter>
    </CopyFileToFolders>
    <CopyFileToFolders Include="TextureViewer.hlsl">
      <Filter>Shaders</Filter>
    </CopyFileToFolders>
    <CopyFileToFolders Include="BufferViewer.hlsl">
      <Filter>Shaders</Filter>
    </CopyFileToFolders>
    <CopyFileToFolders Include="..\config\fragmentationWA.json">
      <Filter>config</Filter>
    </CopyFileToFolders>
  </ItemGroup>
  <ItemGroup>
    <FxCompile Include="shaders\terrainVS.hlsl">
      <Filter>Shaders</Filter>
    </FxCompile>
    <FxCompile Include="shaders\terrainPS.hlsl">
      <Filter>Shaders</Filter>
    </FxCompile>
    <FxCompile Include="shaders\terrainPS-FB.hlsl">
      <Filter>Shaders</Filter>
    </FxCompile>
    <FxCompile Include="shaders\skyPS.hlsl">
      <Filter>Shaders</Filter>
    </FxCompile>
    <FxCompile Include="shaders\skyVS.hlsl">
      <Filter>Shaders</Filter>
    </FxCompile>
    <FxCompile Include="shaders\skyPS-FB.hlsl">
      <Filter>Shaders</Filter>
    </FxCompile>
  </ItemGroup>
</Project>